github.com/MJ-NMR/theGameOfLife v0.0.0-20250807123520-f4be088c9e76 h1:QbbJFy51skF5FjtDJbtdtHYTUt4aclTLmsnbYwjrU3E=
github.com/MJ-NMR/theGameOfLife v0.0.0-20250807123520-f4be088c9e76/go.mod h1:CzHkdymP0n/uapg6xkODx6XhO+lVZ7UR7VIKy6vsTLc=
github.com/MJ-NMR/theGameOfLife v0.0.0-20250807130124-e1dc0fbd19a5 h1:eYltZHkWKqjfd/0dw57pxs5VaiIWkXFMrA87zrN+6PQ=
github.com/MJ-NMR/theGameOfLife v0.0.0-20250807130124-e1dc0fbd19a5/go.mod h1:CzHkdymP0n/uapg6xkODx6XhO+lVZ7UR7VIKy6vsTLc=
github.com/MJ-NMR/theGameOfLife v0.0.0-20250807151949-5c6023ee5a73 h1:12X9xH1QbhVT57HnYaAh2PtppPEMSolGuyr3YmrTdzc=
github.com/MJ-NMR/theGameOfLife v0.0.0-20250807151949-5c6023ee5a73/go.mod h1:CzHkdymP0n/uapg6xkODx6XhO+lVZ7UR7VIKy6vsTLc=
